
Microsoft Visual Studio Solution File, Format Version 12.00
# Visual Studio Version 16
VisualStudioVersion = 16.0.31410.357
MinimumVisualStudioVersion = 10.0.40219.1
Project("{2150E333-8FDC-42A3-9474-1A3956D46DE8}") = "src", "src", "{28383733-B27F-4DB1-AB68-A4BDC5BE5B76}"
EndProject
Project("{2150E333-8FDC-42A3-9474-1A3956D46DE8}") = "PetCatalog.UI.MVC", "PetCatalog.UI.MVC", "{38D6620A-89F6-493D-A835-69CE98EA026C}"
EndProject
Project("{9A19103F-16F7-4668-BE54-9A1E7A4F7556}") = "PetCatalog.MVC", "src\PetCatalog.MVC\PetCatalog.MVC.csproj", "{F5222466-707A-4B0D-9527-C7A07EA4DBE9}"
EndProject
Project("{2150E333-8FDC-42A3-9474-1A3956D46DE8}") = "PetCatalog.Domain", "PetCatalog.Domain", "{C57B1AE3-7FDC-4ED9-986C-64B80C044C23}"
EndProject
Project("{9A19103F-16F7-4668-BE54-9A1E7A4F7556}") = "PetCatalog.Domain", "src\PetCatalog.Domain\PetCatalog.Domain.csproj", "{150F40B8-0FDE-4277-B075-27415B406A59}"
EndProject
Project("{2150E333-8FDC-42A3-9474-1A3956D46DE8}") = "PetCatalog.Infrastructure", "PetCatalog.Infrastructure", "{09FEA139-D547-4173-926F-17B33AF6BA13}"
EndProject
Project("{9A19103F-16F7-4668-BE54-9A1E7A4F7556}") = "PetCatalog.Infra.Data", "src\PetCatalog.Infra.Data\PetCatalog.Infra.Data.csproj", "{D3C750F3-549E-4351-B228-92B7514FF9F9}"
EndProject
Project("{2150E333-8FDC-42A3-9474-1A3956D46DE8}") = "Data", "Data", "{BC47D2DD-E1FF-4A72-B7E1-33B48627F0EA}"
EndProject
Project("{2150E333-8FDC-42A3-9474-1A3956D46DE8}") = "PetCatalog.Application", "PetCatalog.Application", "{970D093D-C51E-419D-A49B-181F7E2EA747}"
EndProject
Project("{9A19103F-16F7-4668-BE54-9A1E7A4F7556}") = "PetCatalog.Application", "src\PetCatalog.Application\PetCatalog.Application.csproj", "{C156A99D-9DC5-479D-9517-5440130C03B4}"
EndProject
Project("{9A19103F-16F7-4668-BE54-9A1E7A4F7556}") = "PetCatalog.Infra.IoC", "src\PetCatalog.Infra.IoC\PetCatalog.Infra.IoC.csproj", "{1D9D2B67-94C8-43BA-BC63-7A7FF8FE8DE3}"
EndProject
Global
	GlobalSection(SolutionConfigurationPlatforms) = preSolution
		Debug|Any CPU = Debug|Any CPU
		Release|Any CPU = Release|Any CPU
	EndGlobalSection
	GlobalSection(ProjectConfigurationPlatforms) = postSolution
		{F5222466-707A-4B0D-9527-C7A07EA4DBE9}.Debug|Any CPU.ActiveCfg = Debug|Any CPU
		{F5222466-707A-4B0D-9527-C7A07EA4DBE9}.Debug|Any CPU.Build.0 = Debug|Any CPU
		{F5222466-707A-4B0D-9527-C7A07EA4DBE9}.Release|Any CPU.ActiveCfg = Release|Any CPU
		{F5222466-707A-4B0D-9527-C7A07EA4DBE9}.Release|Any CPU.Build.0 = Release|Any CPU
		{150F40B8-0FDE-4277-B075-27415B406A59}.Debug|Any CPU.ActiveCfg = Debug|Any CPU
		{150F40B8-0FDE-4277-B075-27415B406A59}.Debug|Any CPU.Build.0 = Debug|Any CPU
		{150F40B8-0FDE-4277-B075-27415B406A59}.Release|Any CPU.ActiveCfg = Release|Any CPU
		{150F40B8-0FDE-4277-B075-27415B406A59}.Release|Any CPU.Build.0 = Release|Any CPU
		{D3C750F3-549E-4351-B228-92B7514FF9F9}.Debug|Any CPU.ActiveCfg = Debug|Any CPU
		{D3C750F3-549E-4351-B228-92B7514FF9F9}.Debug|Any CPU.Build.0 = Debug|Any CPU
		{D3C750F3-549E-4351-B228-92B7514FF9F9}.Release|Any CPU.ActiveCfg = Release|Any CPU
		{D3C750F3-549E-4351-B228-92B7514FF9F9}.Release|Any CPU.Build.0 = Release|Any CPU
		{C156A99D-9DC5-479D-9517-5440130C03B4}.Debug|Any CPU.ActiveCfg = Debug|Any CPU
		{C156A99D-9DC5-479D-9517-5440130C03B4}.Debug|Any CPU.Build.0 = Debug|Any CPU
		{C156A99D-9DC5-479D-9517-5440130C03B4}.Release|Any CPU.ActiveCfg = Release|Any CPU
		{C156A99D-9DC5-479D-9517-5440130C03B4}.Release|Any CPU.Build.0 = Release|Any CPU
		{1D9D2B67-94C8-43BA-BC63-7A7FF8FE8DE3}.Debug|Any CPU.ActiveCfg = Debug|Any CPU
		{1D9D2B67-94C8-43BA-BC63-7A7FF8FE8DE3}.Debug|Any CPU.Build.0 = Debug|Any CPU
		{1D9D2B67-94C8-43BA-BC63-7A7FF8FE8DE3}.Release|Any CPU.ActiveCfg = Release|Any CPU
		{1D9D2B67-94C8-43BA-BC63-7A7FF8FE8DE3}.Release|Any CPU.Build.0 = Release|Any CPU
	EndGlobalSection
	GlobalSection(SolutionProperties) = preSolution
		HideSolutionNode = FALSE
	EndGlobalSection
	GlobalSection(NestedProjects) = preSolution
		{38D6620A-89F6-493D-A835-69CE98EA026C} = {28383733-B27F-4DB1-AB68-A4BDC5BE5B76}
		{F5222466-707A-4B0D-9527-C7A07EA4DBE9} = {38D6620A-89F6-493D-A835-69CE98EA026C}
		{C57B1AE3-7FDC-4ED9-986C-64B80C044C23} = {28383733-B27F-4DB1-AB68-A4BDC5BE5B76}
		{150F40B8-0FDE-4277-B075-27415B406A59} = {C57B1AE3-7FDC-4ED9-986C-64B80C044C23}
		{09FEA139-D547-4173-926F-17B33AF6BA13} = {28383733-B27F-4DB1-AB68-A4BDC5BE5B76}
		{D3C750F3-549E-4351-B228-92B7514FF9F9} = {09FEA139-D547-4173-926F-17B33AF6BA13}
		{970D093D-C51E-419D-A49B-181F7E2EA747} = {28383733-B27F-4DB1-AB68-A4BDC5BE5B76}
		{C156A99D-9DC5-479D-9517-5440130C03B4} = {970D093D-C51E-419D-A49B-181F7E2EA747}
		{1D9D2B67-94C8-43BA-BC63-7A7FF8FE8DE3} = {09FEA139-D547-4173-926F-17B33AF6BA13}
	EndGlobalSection
	GlobalSection(ExtensibilityGlobals) = postSolution
		SolutionGuid = {E733CBF9-8832-4515-9DB3-1A3B0CFBCE7E}
	EndGlobalSection
EndGlobal
